
Microsoft Visual Studio Solution File, Format Version 12.00
# Visual Studio Version 16
VisualStudioVersion = 16.0.31729.503
MinimumVisualStudioVersion = 10.0.40219.1
Project("{FAE04EC0-301F-11D3-BF4B-00C04F79EFBC}") = "Teste", "Teste\Teste.csproj", "{D9DB66DE-7F77-418A-9619-989770D4B038}"
EndProject
Project("{9A19103F-16F7-4668-BE54-9A1E7A4F7556}") = "NFe.Mini.Standard", "..\NFe.Mini.Standard\NFe.Mini.Standard\NFe.Mini.Standard.csproj", "{D9F72269-C1F9-48A4-9993-1F6AB47585F6}"
EndProject
Global
	GlobalSection(SolutionConfigurationPlatforms) = preSolution
		Debug|Any CPU = Debug|Any CPU
		Release|Any CPU = Release|Any CPU
	EndGlobalSection
	GlobalSection(ProjectConfigurationPlatforms) = postSolution
		{D9DB66DE-7F77-418A-9619-989770D4B038}.Debug|Any CPU.ActiveCfg = Debug|Any CPU
		{D9DB66DE-7F77-418A-9619-989770D4B038}.Debug|Any CPU.Build.0 = Debug|Any CPU
		{D9DB66DE-7F77-418A-9619-989770D4B038}.Release|Any CPU.ActiveCfg = Release|Any CPU
		{D9DB66DE-7F77-418A-9619-989770D4B038}.Release|Any CPU.Build.0 = Release|Any CPU
		{D9F72269-C1F9-48A4-9993-1F6AB47585F6}.Debug|Any CPU.ActiveCfg = Debug|Any CPU
		{D9F72269-C1F9-48A4-9993-1F6AB47585F6}.Debug|Any CPU.Build.0 = Debug|Any CPU
		{D9F72269-C1F9-48A4-9993-1F6AB47585F6}.Release|Any CPU.ActiveCfg = Release|Any CPU
		{D9F72269-C1F9-48A4-9993-1F6AB47585F6}.Release|Any CPU.Build.0 = Release|Any CPU
	EndGlobalSection
	GlobalSection(SolutionProperties) = preSolution
		HideSolutionNode = FALSE
	EndGlobalSection
	GlobalSection(ExtensibilityGlobals) = postSolution
		SolutionGuid = {FFCF7F0D-7661-43A2-977D-30A4A37593AE}
	EndGlobalSection
EndGlobal
